
Microsoft Visual Studio Solution File, Format Version 12.00
# Visual Studio Version 17
VisualStudioVersion = 17.14.36414.22 d17.14
MinimumVisualStudioVersion = 10.0.40219.1
Project("{FAE04EC0-301F-11D3-BF4B-00C04F79EFBC}") = "BL_QuickGrid_Wasm_Net8", "BL_QuickGrid_Wasm_Net8\BL_QuickGrid_Wasm_Net8\BL_QuickGrid_Wasm_Net8.csproj", "{396F2F79-A855-4410-A865-494856336F5F}"
EndProject
Project("{FAE04EC0-301F-11D3-BF4B-00C04F79EFBC}") = "BL_QuickGrid_Wasm_Net8.Client", "BL_QuickGrid_Wasm_Net8\BL_QuickGrid_Wasm_Net8.Client\BL_QuickGrid_Wasm_Net8.Client.csproj", "{A13C7742-3F81-4073-B500-7D11F3750DDF}"
EndProject
Project("{FAE04EC0-301F-11D3-BF4B-00C04F79EFBC}") = "BL_QuickGrid_Wasm_Net8.Shared", "BL_QuickGrid_Wasm_Net8.Shared\BL_QuickGrid_Wasm_Net8.Shared.csproj", "{3A1F9E9F-0830-4A34-A367-1DD96553B014}"
EndProject
Global
	GlobalSection(SolutionConfigurationPlatforms) = preSolution
		Debug|Any CPU = Debug|Any CPU
		Release|Any CPU = Release|Any CPU
	EndGlobalSection
	GlobalSection(ProjectConfigurationPlatforms) = postSolution
		{396F2F79-A855-4410-A865-494856336F5F}.Debug|Any CPU.ActiveCfg = Debug|Any CPU
		{396F2F79-A855-4410-A865-494856336F5F}.Debug|Any CPU.Build.0 = Debug|Any CPU
		{396F2F79-A855-4410-A865-494856336F5F}.Release|Any CPU.ActiveCfg = Release|Any CPU
		{396F2F79-A855-4410-A865-494856336F5F}.Release|Any CPU.Build.0 = Release|Any CPU
		{A13C7742-3F81-4073-B500-7D11F3750DDF}.Debug|Any CPU.ActiveCfg = Debug|Any CPU
		{A13C7742-3F81-4073-B500-7D11F3750DDF}.Debug|Any CPU.Build.0 = Debug|Any CPU
		{A13C7742-3F81-4073-B500-7D11F3750DDF}.Release|Any CPU.ActiveCfg = Release|Any CPU
		{A13C7742-3F81-4073-B500-7D11F3750DDF}.Release|Any CPU.Build.0 = Release|Any CPU
		{3A1F9E9F-0830-4A34-A367-1DD96553B014}.Debug|Any CPU.ActiveCfg = Debug|Any CPU
		{3A1F9E9F-0830-4A34-A367-1DD96553B014}.Debug|Any CPU.Build.0 = Debug|Any CPU
		{3A1F9E9F-0830-4A34-A367-1DD96553B014}.Release|Any CPU.ActiveCfg = Release|Any CPU
		{3A1F9E9F-0830-4A34-A367-1DD96553B014}.Release|Any CPU.Build.0 = Release|Any CPU
	EndGlobalSection
	GlobalSection(SolutionProperties) = preSolution
		HideSolutionNode = FALSE
	EndGlobalSection
	GlobalSection(ExtensibilityGlobals) = postSolution
		SolutionGuid = {0BF4F46E-829E-461C-AE8E-3455D3C1932F}
	EndGlobalSection
EndGlobal
